
Microsoft Visual Studio Solution File, Format Version 12.00
# Visual Studio Version 16
VisualStudioVersion = 16.0.36227.6
MinimumVisualStudioVersion = 10.0.40219.1
Project("{F184B08F-C81C-45F6-A57F-5ABD9991F28F}") = "AA_GeneralReport_Addin", "AA_GeneralReport_Addin\AA_GeneralReport_Addin.vbproj", "{8C13A87C-6639-4120-9628-134EFEB98E9C}"
EndProject
Global
	GlobalSection(SolutionConfigurationPlatforms) = preSolution
		Debug|Any CPU = Debug|Any CPU
		Release|Any CPU = Release|Any CPU
	EndGlobalSection
	GlobalSection(ProjectConfigurationPlatforms) = postSolution
		{8C13A87C-6639-4120-9628-134EFEB98E9C}.Debug|Any CPU.ActiveCfg = Debug|Any CPU
		{8C13A87C-6639-4120-9628-134EFEB98E9C}.Debug|Any CPU.Build.0 = Debug|Any CPU
		{8C13A87C-6639-4120-9628-134EFEB98E9C}.Release|Any CPU.ActiveCfg = Release|Any CPU
		{8C13A87C-6639-4120-9628-134EFEB98E9C}.Release|Any CPU.Build.0 = Release|Any CPU
	EndGlobalSection
	GlobalSection(SolutionProperties) = preSolution
		HideSolutionNode = FALSE
	EndGlobalSection
	GlobalSection(ExtensibilityGlobals) = postSolution
		SolutionGuid = {8DC62031-FAE4-41C9-BD1A-4FF3599B7195}
	EndGlobalSection
EndGlobal
